// !$*UTF8*$!
{
	archiveVersion = 1;
	classes = {
	};
	objectVersion = 55;
	objects = {

/* Begin PBXBuildFile section */
		0276ADCE27F3BC36006CB6D6 /* AppDelegate.swift in Sources */ = {isa = PBXBuildFile; fileRef = 0276ADCD27F3BC36006CB6D6 /* AppDelegate.swift */; };
		0276ADD027F3BC36006CB6D6 /* SceneDelegate.swift in Sources */ = {isa = PBXBuildFile; fileRef = 0276ADCF27F3BC36006CB6D6 /* SceneDelegate.swift */; };
		0276ADD227F3BC36006CB6D6 /* ViewController.swift in Sources */ = {isa = PBXBuildFile; fileRef = 0276ADD127F3BC36006CB6D6 /* ViewController.swift */; };
		0276ADD527F3BC36006CB6D6 /* Main.storyboard in Resources */ = {isa = PBXBuildFile; fileRef = 0276ADD327F3BC36006CB6D6 /* Main.storyboard */; };
		0276ADD727F3BC39006CB6D6 /* Assets.xcassets in Resources */ = {isa = PBXBuildFile; fileRef = 0276ADD627F3BC39006CB6D6 /* Assets.xcassets */; };
		0276ADDA27F3BC39006CB6D6 /* LaunchScreen.storyboard in Resources */ = {isa = PBXBuildFile; fileRef = 0276ADD827F3BC39006CB6D6 /* LaunchScreen.storyboard */; };
		0276ADE527F3BC39006CB6D6 /* collectTableViewTests.swift in Sources */ = {isa = PBXBuildFile; fileRef = 0276ADE427F3BC39006CB6D6 /* collectTableViewTests.swift */; };
		0276ADEF27F3BC39006CB6D6 /* collectTableViewUITests.swift in Sources */ = {isa = PBXBuildFile; fileRef = 0276ADEE27F3BC39006CB6D6 /* collectTableViewUITests.swift */; };
		0276ADF127F3BC39006CB6D6 /* collectTableViewUITestsLaunchTests.swift in Sources */ = {isa = PBXBuildFile; fileRef = 0276ADF027F3BC39006CB6D6 /* collectTableViewUITestsLaunchTests.swift */; };
/* End PBXBuildFile section */

/* Begin PBXContainerItemProxy section */
		0276ADE127F3BC39006CB6D6 /* PBXContainerItemProxy */ = {
			isa = PBXContainerItemProxy;
			containerPortal = 0276ADC227F3BC36006CB6D6 /* Project object */;
			proxyType = 1;
			remoteGlobalIDString = 0276ADC927F3BC36006CB6D6;
			remoteInfo = collectTableView;
		};
		0276ADEB27F3BC39006CB6D6 /* PBXContainerItemProxy */ = {
			isa = PBXContainerItemProxy;
			containerPortal = 0276ADC227F3BC36006CB6D6 /* Project object */;
			proxyType = 1;
			remoteGlobalIDString = 0276ADC927F3BC36006CB6D6;
			remoteInfo = collectTableView;
		};
/* End PBXContainerItemProxy section */

/* Begin PBXFileReference section */
		0276ADCA27F3BC36006CB6D6 /* collectTableView.app */ = {isa = PBXFileReference; explicitFileType = wrapper.application; includeInIndex = 0; path = collectTableView.app; sourceTree = BUILT_PRODUCTS_DIR; };
		0276ADCD27F3BC36006CB6D6 /* AppDelegate.swift */ = {isa = PBXFileReference; lastKnownFileType = sourcecode.swift; path = AppDelegate.swift; sourceTree = "<group>"; };
		0276ADCF27F3BC36006CB6D6 /* SceneDelegate.swift */ = {isa = PBXFileReference; lastKnownFileType = sourcecode.swift; path = SceneDelegate.swift; sourceTree = "<group>"; };
		0276ADD127F3BC36006CB6D6 /* ViewController.swift */ = {isa = PBXFileReference; lastKnownFileType = sourcecode.swift; path = ViewController.swift; sourceTree = "<group>"; };
		0276ADD427F3BC36006CB6D6 /* Base */ = {isa = PBXFileReference; lastKnownFileType = file.storyboard; name = Base; path = Base.lproj/Main.storyboard; sourceTree = "<group>"; };
		0276ADD627F3BC39006CB6D6 /* Assets.xcassets */ = {isa = PBXFileReference; lastKnownFileType = folder.assetcatalog; path = Assets.xcassets; sourceTree = "<group>"; };
		0276ADD927F3BC39006CB6D6 /* Base */ = {isa = PBXFileReference; lastKnownFileType = file.storyboard; name = Base; path = Base.lproj/LaunchScreen.storyboard; sourceTree = "<group>"; };
		0276ADDB27F3BC39006CB6D6 /* Info.plist */ = {isa = PBXFileReference; lastKnownFileType = text.plist.xml; path = Info.plist; sourceTree = "<group>"; };
		0276ADE027F3BC39006CB6D6 /* collectTableViewTests.xctest */ = {isa = PBXFileReference; explicitFileType = wrapper.cfbundle; includeInIndex = 0; path = collectTableViewTests.xctest; sourceTree = BUILT_PRODUCTS_DIR; };
		0276ADE427F3BC39006CB6D6 /* collectTableViewTests.swift */ = {isa = PBXFileReference; lastKnownFileType = sourcecode.swift; path = collectTableViewTests.swift; sourceTree = "<group>"; };
		0276ADEA27F3BC39006CB6D6 /* collectTableViewUITests.xctest */ = {isa = PBXFileReference; explicitFileType = wrapper.cfbundle; includeInIndex = 0; path = collectTableViewUITests.xctest; sourceTree = BUILT_PRODUCTS_DIR; };
		0276ADEE27F3BC39006CB6D6 /* collectTableViewUITests.swift */ = {isa = PBXFileReference; lastKnownFileType = sourcecode.swift; path = collectTableViewUITests.swift; sourceTree = "<group>"; };
		0276ADF027F3BC39006CB6D6 /* collectTableViewUITestsLaunchTests.swift */ = {isa = PBXFileReference; lastKnownFileType = sourcecode.swift; path = collectTableViewUITestsLaunchTests.swift; sourceTree = "<group>"; };
/* End PBXFileReference section */

/* Begin PBXFrameworksBuildPhase section */
		0276ADC727F3BC36006CB6D6 /* Frameworks */ = {
			isa = PBXFrameworksBuildPhase;
			buildActionMask = 2147483647;
			files = (
			);
			runOnlyForDeploymentPostprocessing = 0;
		};
		0276ADDD27F3BC39006CB6D6 /* Frameworks */ = {
			isa = PBXFrameworksBuildPhase;
			buildActionMask = 2147483647;
			files = (
			);
			runOnlyForDeploymentPostprocessing = 0;
		};
		0276ADE727F3BC39006CB6D6 /* Frameworks */ = {
			isa = PBXFrameworksBuildPhase;
			buildActionMask = 2147483647;
			files = (
			);
			runOnlyForDeploymentPostprocessing = 0;
		};
/* End PBXFrameworksBuildPhase section */

/* Begin PBXGroup section */
		0276ADC127F3BC36006CB6D6 = {
			isa = PBXGroup;
			children = (
				0276ADCC27F3BC36006CB6D6 /* collectTableView */,
				0276ADE327F3BC39006CB6D6 /* collectTableViewTests */,
				0276ADED27F3BC39006CB6D6 /* collectTableViewUITests */,
				0276ADCB27F3BC36006CB6D6 /* Products */,
			);
			sourceTree = "<group>";
		};
		0276ADCB27F3BC36006CB6D6 /* Products */ = {
			isa = PBXGroup;
			children = (
				0276ADCA27F3BC36006CB6D6 /* collectTableView.app */,
				0276ADE027F3BC39006CB6D6 /* collectTableViewTests.xctest */,
				0276ADEA27F3BC39006CB6D6 /* collectTableViewUITests.xctest */,
			);
			name = Products;
			sourceTree = "<group>";
		};
		0276ADCC27F3BC36006CB6D6 /* collectTableView */ = {
			isa = PBXGroup;
			children = (
				0276ADCD27F3BC36006CB6D6 /* AppDelegate.swift */,
				0276ADCF27F3BC36006CB6D6 /* SceneDelegate.swift */,
				0276ADD127F3BC36006CB6D6 /* ViewController.swift */,
				0276ADD327F3BC36006CB6D6 /* Main.storyboard */,
				0276ADD627F3BC39006CB6D6 /* Assets.xcassets */,
				0276ADD827F3BC39006CB6D6 /* LaunchScreen.storyboard */,
				0276ADDB27F3BC39006CB6D6 /* Info.plist */,
			);
			path = collectTableView;
			sourceTree = "<group>";
		};
		0276ADE327F3BC39006CB6D6 /* collectTableViewTests */ = {
			isa = PBXGroup;
			children = (
				0276ADE427F3BC39006CB6D6 /* collectTableViewTests.swift */,
			);
			path = collectTableViewTests;
			sourceTree = "<group>";
		};
		0276ADED27F3BC39006CB6D6 /* collectTableViewUITests */ = {
			isa = PBXGroup;
			children = (
				0276ADEE27F3BC39006CB6D6 /* collectTableViewUITests.swift */,
				0276ADF027F3BC39006CB6D6 /* collectTableViewUITestsLaunchTests.swift */,
			);
			path = collectTableViewUITests;
			sourceTree = "<group>";
		};
/* End PBXGroup section */

/* Begin PBXNativeTarget section */
		0276ADC927F3BC36006CB6D6 /* collectTableView */ = {
			isa = PBXNativeTarget;
			buildConfigurationList = 0276ADF427F3BC39006CB6D6 /* Build configuration list for PBXNativeTarget "collectTableView" */;
			buildPhases = (
				0276ADC627F3BC36006CB6D6 /* Sources */,
				0276ADC727F3BC36006CB6D6 /* Frameworks */,
				0276ADC827F3BC36006CB6D6 /* Resources */,
			);
			buildRules = (
			);
			dependencies = (
			);
			name = collectTableView;
			productName = collectTableView;
			productReference = 0276ADCA27F3BC36006CB6D6 /* collectTableView.app */;
			productType = "com.apple.product-type.application";
		};
		0276ADDF27F3BC39006CB6D6 /* collectTableViewTests */ = {
			isa = PBXNativeTarget;
			buildConfigurationList = 0276ADF727F3BC39006CB6D6 /* Build configuration list for PBXNativeTarget "collectTableViewTests" */;
			buildPhases = (
				0276ADDC27F3BC39006CB6D6 /* Sources */,
				0276ADDD27F3BC39006CB6D6 /* Frameworks */,
				0276ADDE27F3BC39006CB6D6 /* Resources */,
			);
			buildRules = (
			);
			dependencies = (
				0276ADE227F3BC39006CB6D6 /* PBXTargetDependency */,
			);
			name = collectTableViewTests;
			productName = collectTableViewTests;
			productReference = 0276ADE027F3BC39006CB6D6 /* collectTableViewTests.xctest */;
			productType = "com.apple.product-type.bundle.unit-test";
		};
		0276ADE927F3BC39006CB6D6 /* collectTableViewUITests */ = {
			isa = PBXNativeTarget;
			buildConfigurationList = 0276ADFA27F3BC39006CB6D6 /* Build configuration list for PBXNativeTarget "collectTableViewUITests" */;
			buildPhases = (
				0276ADE627F3BC39006CB6D6 /* Sources */,
				0276ADE727F3BC39006CB6D6 /* Frameworks */,
				0276ADE827F3BC39006CB6D6 /* Resources */,
			);
			buildRules = (
			);
			dependencies = (
				0276ADEC27F3BC39006CB6D6 /* PBXTargetDependency */,
			);
			name = collectTableViewUITests;
			productName = collectTableViewUITests;
			productReference = 0276ADEA27F3BC39006CB6D6 /* collectTableViewUITests.xctest */;
			productType = "com.apple.product-type.bundle.ui-testing";
		};
/* End PBXNativeTarget section */

/* Begin PBXProject section */
		0276ADC227F3BC36006CB6D6 /* Project object */ = {
			isa = PBXProject;
			attributes = {
				BuildIndependentTargetsInParallel = 1;
				LastSwiftUpdateCheck = 1330;
				LastUpgradeCheck = 1330;
				TargetAttributes = {
					0276ADC927F3BC36006CB6D6 = {
						CreatedOnToolsVersion = 13.3;
					};
					0276ADDF27F3BC39006CB6D6 = {
						CreatedOnToolsVersion = 13.3;
						TestTargetID = 0276ADC927F3BC36006CB6D6;
					};
					0276ADE927F3BC39006CB6D6 = {
						CreatedOnToolsVersion = 13.3;
						TestTargetID = 0276ADC927F3BC36006CB6D6;
					};
				};
			};
			buildConfigurationList = 0276ADC527F3BC36006CB6D6 /* Build configuration list for PBXProject "collectTableView" */;
			compatibilityVersion = "Xcode 13.0";
			developmentRegion = en;
			hasScannedForEncodings = 0;
			knownRegions = (
				en,
				Base,
			);
			mainGroup = 0276ADC127F3BC36006CB6D6;
			productRefGroup = 0276ADCB27F3BC36006CB6D6 /* Products */;
			projectDirPath = "";
			projectRoot = "";
			targets = (
				0276ADC927F3BC36006CB6D6 /* collectTableView */,
				0276ADDF27F3BC39006CB6D6 /* collectTableViewTests */,
				0276ADE927F3BC39006CB6D6 /* collectTableViewUITests */,
			);
		};
/* End PBXProject section */

/* Begin PBXResourcesBuildPhase section */
		0276ADC827F3BC36006CB6D6 /* Resources */ = {
			isa = PBXResourcesBuildPhase;
			buildActionMask = 2147483647;
			files = (
				0276ADDA27F3BC39006CB6D6 /* LaunchScreen.storyboard in Resources */,
				0276ADD727F3BC39006CB6D6 /* Assets.xcassets in Resources */,
				0276ADD527F3BC36006CB6D6 /* Main.storyboard in Resources */,
			);
			runOnlyForDeploymentPostprocessing = 0;
		};
		0276ADDE27F3BC39006CB6D6 /* Resources */ = {
			isa = PBXResourcesBuildPhase;
			buildActionMask = 2147483647;
			files = (
			);
			runOnlyForDeploymentPostprocessing = 0;
		};
		0276ADE827F3BC39006CB6D6 /* Resources */ = {
			isa = PBXResourcesBuildPhase;
			buildActionMask = 2147483647;
			files = (
			);
			runOnlyForDeploymentPostprocessing = 0;
		};
/* End PBXResourcesBuildPhase section */

/* Begin PBXSourcesBuildPhase section */
		0276ADC627F3BC36006CB6D6 /* Sources */ = {
			isa = PBXSourcesBuildPhase;
			buildActionMask = 2147483647;
			files = (
				0276ADD227F3BC36006CB6D6 /* ViewController.swift in Sources */,
				0276ADCE27F3BC36006CB6D6 /* AppDelegate.swift in Sources */,
				0276ADD027F3BC36006CB6D6 /* SceneDelegate.swift in Sources */,
			);
			runOnlyForDeploymentPostprocessing = 0;
		};
		0276ADDC27F3BC39006CB6D6 /* Sources */ = {
			isa = PBXSourcesBuildPhase;
			buildActionMask = 2147483647;
			files = (
				0276ADE527F3BC39006CB6D6 /* collectTableViewTests.swift in Sources */,
			);
			runOnlyForDeploymentPostprocessing = 0;
		};
		0276ADE627F3BC39006CB6D6 /* Sources */ = {
			isa = PBXSourcesBuildPhase;
			buildActionMask = 2147483647;
			files = (
				0276ADEF27F3BC39006CB6D6 /* collectTableViewUITests.swift in Sources */,
				0276ADF127F3BC39006CB6D6 /* collectTableViewUITestsLaunchTests.swift in Sources */,
			);
			runOnlyForDeploymentPostprocessing = 0;
		};
/* End PBXSourcesBuildPhase section */

/* Begin PBXTargetDependency section */
		0276ADE227F3BC39006CB6D6 /* PBXTargetDependency */ = {
			isa = PBXTargetDependency;
			target = 0276ADC927F3BC36006CB6D6 /* collectTableView */;
			targetProxy = 0276ADE127F3BC39006CB6D6 /* PBXContainerItemProxy */;
		};
		0276ADEC27F3BC39006CB6D6 /* PBXTargetDependency */ = {
			isa = PBXTargetDependency;
			target = 0276ADC927F3BC36006CB6D6 /* collectTableView */;
			targetProxy = 0276ADEB27F3BC39006CB6D6 /* PBXContainerItemProxy */;
		};
/* End PBXTargetDependency section */

/* Begin PBXVariantGroup section */
		0276ADD327F3BC36006CB6D6 /* Main.storyboard */ = {
			isa = PBXVariantGroup;
			children = (
				0276ADD427F3BC36006CB6D6 /* Base */,
			);
			name = Main.storyboard;
			sourceTree = "<group>";
		};
		0276ADD827F3BC39006CB6D6 /* LaunchScreen.storyboard */ = {
			isa = PBXVariantGroup;
			children = (
				0276ADD927F3BC39006CB6D6 /* Base */,
			);
			name = LaunchScreen.storyboard;
			sourceTree = "<group>";
		};
/* End PBXVariantGroup section */

/* Begin XCBuildConfiguration section */
		0276ADF227F3BC39006CB6D6 /* Debug */ = {
			isa = XCBuildConfiguration;
			buildSettings = {
				ALWAYS_SEARCH_USER_PATHS = NO;
				CLANG_ANALYZER_NONNULL = YES;
				CLANG_ANALYZER_NUMBER_OBJECT_CONVERSION = YES_AGGRESSIVE;
				CLANG_CXX_LANGUAGE_STANDARD = "gnu++17";
				CLANG_ENABLE_MODULES = YES;
				CLANG_ENABLE_OBJC_ARC = YES;
				CLANG_ENABLE_OBJC_WEAK = YES;
				CLANG_WARN_BLOCK_CAPTURE_AUTORELEASING = YES;
				CLANG_WARN_BOOL_CONVERSION = YES;
				CLANG_WARN_COMMA = YES;
				CLANG_WARN_CONSTANT_CONVERSION = YES;
				CLANG_WARN_DEPRECATED_OBJC_IMPLEMENTATIONS = YES;
				CLANG_WARN_DIRECT_OBJC_ISA_USAGE = YES_ERROR;
				CLANG_WARN_DOCUMENTATION_COMMENTS = YES;
				CLANG_WARN_EMPTY_BODY = YES;
				CLANG_WARN_ENUM_CONVERSION = YES;
				CLANG_WARN_INFINITE_RECURSION = YES;
				CLANG_WARN_INT_CONVERSION = YES;
				CLANG_WARN_NON_LITERAL_NULL_CONVERSION = YES;
				CLANG_WARN_OBJC_IMPLICIT_RETAIN_SELF = YES;
				CLANG_WARN_OBJC_LITERAL_CONVERSION = YES;
				CLANG_WARN_OBJC_ROOT_CLASS = YES_ERROR;
				CLANG_WARN_QUOTED_INCLUDE_IN_FRAMEWORK_HEADER = YES;
				CLANG_WARN_RANGE_LOOP_ANALYSIS = YES;
				CLANG_WARN_STRICT_PROTOTYPES = YES;
				CLANG_WARN_SUSPICIOUS_MOVE = YES;
				CLANG_WARN_UNGUARDED_AVAILABILITY = YES_AGGRESSIVE;
				CLANG_WARN_UNREACHABLE_CODE = YES;
				CLANG_WARN__DUPLICATE_METHOD_MATCH = YES;
				COPY_PHASE_STRIP = NO;
				DEBUG_INFORMATION_FORMAT = dwarf;
				ENABLE_STRICT_OBJC_MSGSEND = YES;
				ENABLE_TESTABILITY = YES;
				GCC_C_LANGUAGE_STANDARD = gnu11;
				GCC_DYNAMIC_NO_PIC = NO;
				GCC_NO_COMMON_BLOCKS = YES;
				GCC_OPTIMIZATION_LEVEL = 0;
				GCC_PREPROCESSOR_DEFINITIONS = (
					"DEBUG=1",
					"$(inherited)",
				);
				GCC_WARN_64_TO_32_BIT_CONVERSION = YES;
				GCC_WARN_ABOUT_RETURN_TYPE = YES_ERROR;
				GCC_WARN_UNDECLARED_SELECTOR = YES;
				GCC_WARN_UNINITIALIZED_AUTOS = YES_AGGRESSIVE;
				GCC_WARN_UNUSED_FUNCTION = YES;
				GCC_WARN_UNUSED_VARIABLE = YES;
				IPHONEOS_DEPLOYMENT_TARGET = 15.4;
				MTL_ENABLE_DEBUG_INFO = INCLUDE_SOURCE;
				MTL_FAST_MATH = YES;
				ONLY_ACTIVE_ARCH = YES;
				SDKROOT = iphoneos;
				SWIFT_ACTIVE_COMPILATION_CONDITIONS = DEBUG;
				SWIFT_OPTIMIZATION_LEVEL = "-Onone";
			};
			name = Debug;
		};
		0276ADF327F3BC39006CB6D6 /* Release */ = {
			isa = XCBuildConfiguration;
			buildSettings = {
				ALWAYS_SEARCH_USER_PATHS = NO;
				CLANG_ANALYZER_NONNULL = YES;
				CLANG_ANALYZER_NUMBER_OBJECT_CONVERSION = YES_AGGRESSIVE;
				CLANG_CXX_LANGUAGE_STANDARD = "gnu++17";
				CLANG_ENABLE_MODULES = YES;
				CLANG_ENABLE_OBJC_ARC = YES;
				CLANG_ENABLE_OBJC_WEAK = YES;
				CLANG_WARN_BLOCK_CAPTURE_AUTORELEASING = YES;
				CLANG_WARN_BOOL_CONVERSION = YES;
				CLANG_WARN_COMMA = YES;
				CLANG_WARN_CONSTANT_CONVERSION = YES;
				CLANG_WARN_DEPRECATED_OBJC_IMPLEMENTATIONS = YES;
				CLANG_WARN_DIRECT_OBJC_ISA_USAGE = YES_ERROR;
				CLANG_WARN_DOCUMENTATION_COMMENTS = YES;
				CLANG_WARN_EMPTY_BODY = YES;
				CLANG_WARN_ENUM_CONVERSION = YES;
				CLANG_WARN_INFINITE_RECURSION = YES;
				CLANG_WARN_INT_CONVERSION = YES;
				CLANG_WARN_NON_LITERAL_NULL_CONVERSION = YES;
				CLANG_WARN_OBJC_IMPLICIT_RETAIN_SELF = YES;
				CLANG_WARN_OBJC_LITERAL_CONVERSION = YES;
				CLANG_WARN_OBJC_ROOT_CLASS = YES_ERROR;
				CLANG_WARN_QUOTED_INCLUDE_IN_FRAMEWORK_HEADER = YES;
				CLANG_WARN_RANGE_LOOP_ANALYSIS = YES;
				CLANG_WARN_STRICT_PROTOTYPES = YES;
				CLANG_WARN_SUSPICIOUS_MOVE = YES;
				CLANG_WARN_UNGUARDED_AVAILABILITY = YES_AGGRESSIVE;
				CLANG_WARN_UNREACHABLE_CODE = YES;
				CLANG_WARN__DUPLICATE_METHOD_MATCH = YES;
				COPY_PHASE_STRIP = NO;
				DEBUG_INFORMATION_FORMAT = "dwarf-with-dsym";
				ENABLE_NS_ASSERTIONS = NO;
				ENABLE_STRICT_OBJC_MSGSEND = YES;
				GCC_C_LANGUAGE_STANDARD = gnu11;
				GCC_NO_COMMON_BLOCKS = YES;
				GCC_WARN_64_TO_32_BIT_CONVERSION = YES;
				GCC_WARN_ABOUT_RETURN_TYPE = YES_ERROR;
				GCC_WARN_UNDECLARED_SELECTOR = YES;
				GCC_WARN_UNINITIALIZED_AUTOS = YES_AGGRESSIVE;
				GCC_WARN_UNUSED_FUNCTION = YES;
				GCC_WARN_UNUSED_VARIABLE = YES;
				IPHONEOS_DEPLOYMENT_TARGET = 15.4;
				MTL_ENABLE_DEBUG_INFO = NO;
				MTL_FAST_MATH = YES;
				SDKROOT = iphoneos;
				SWIFT_COMPILATION_MODE = wholemodule;
				SWIFT_OPTIMIZATION_LEVEL = "-O";
				VALIDATE_PRODUCT = YES;
			};
			name = Release;
		};
		0276ADF527F3BC39006CB6D6 /* Debug */ = {
			isa = XCBuildConfiguration;
			buildSettings = {
				ASSETCATALOG_COMPILER_APPICON_NAME = AppIcon;
				ASSETCATALOG_COMPILER_GLOBAL_ACCENT_COLOR_NAME = AccentColor;
				CODE_SIGN_STYLE = Automatic;
				CURRENT_PROJECT_VERSION = 1;
				GENERATE_INFOPLIST_FILE = YES;
				INFOPLIST_FILE = collectTableView/Info.plist;
				INFOPLIST_KEY_UIApplicationSupportsIndirectInputEvents = YES;
				INFOPLIST_KEY_UILaunchStoryboardName = LaunchScreen;
				INFOPLIST_KEY_UIMainStoryboardFile = Main;
				INFOPLIST_KEY_UISupportedInterfaceOrientations_iPad = "UIInterfaceOrientationPortrait UIInterfaceOrientationPortraitUpsideDown UIInterfaceOrientationLandscapeLeft UIInterfaceOrientationLandscapeRight";
				INFOPLIST_KEY_UISupportedInterfaceOrientations_iPhone = "UIInterfaceOrientationPortrait UIInterfaceOrientationLandscapeLeft UIInterfaceOrientationLandscapeRight";
				LD_RUNPATH_SEARCH_PATHS = (
					"$(inherited)",
					"@executable_path/Frameworks",
				);
				MARKETING_VERSION = 1.0;
				PRODUCT_BUNDLE_IDENTIFIER = jianli.com.collectTableView;
				PRODUCT_NAME = "$(TARGET_NAME)";
				SWIFT_EMIT_LOC_STRINGS = YES;
				SWIFT_VERSION = 5.0;
				TARGETED_DEVICE_FAMILY = "1,2";
			};
			name = Debug;
		};
		0276ADF627F3BC39006CB6D6 /* Release */ = {
			isa = XCBuildConfiguration;
			buildSettings = {
				ASSETCATALOG_COMPILER_APPICON_NAME = AppIcon;
				ASSETCATALOG_COMPILER_GLOBAL_ACCENT_COLOR_NAME = AccentColor;
				CODE_SIGN_STYLE = Automatic;
				CURRENT_PROJECT_VERSION = 1;
				GENERATE_INFOPLIST_FILE = YES;
				INFOPLIST_FILE = collectTableView/Info.plist;
				INFOPLIST_KEY_UIApplicationSupportsIndirectInputEvents = YES;
				INFOPLIST_KEY_UILaunchStoryboardName = LaunchScreen;
				INFOPLIST_KEY_UIMainStoryboardFile = Main;
				INFOPLIST_KEY_UISupportedInterfaceOrientations_iPad = "UIInterfaceOrientationPortrait UIInterfaceOrientationPortraitUpsideDown UIInterfaceOrientationLandscapeLeft UIInterfaceOrientationLandscapeRight";
				INFOPLIST_KEY_UISupportedInterfaceOrientations_iPhone = "UIInterfaceOrientationPortrait UIInterfaceOrientationLandscapeLeft UIInterfaceOrientationLandscapeRight";
				LD_RUNPATH_SEARCH_PATHS = (
					"$(inherited)",
					"@executable_path/Frameworks",
				);
				MARKETING_VERSION = 1.0;
				PRODUCT_BUNDLE_IDENTIFIER = jianli.com.collectTableView;
				PRODUCT_NAME = "$(TARGET_NAME)";
				SWIFT_EMIT_LOC_STRINGS = YES;
				SWIFT_VERSION = 5.0;
				TARGETED_DEVICE_FAMILY = "1,2";
			};
			name = Release;
		};
		0276ADF827F3BC39006CB6D6 /* Debug */ = {
			isa = XCBuildConfiguration;
			buildSettings = {
				ALWAYS_EMBED_SWIFT_STANDARD_LIBRARIES = YES;
				BUNDLE_LOADER = "$(TEST_HOST)";
				CODE_SIGN_STYLE = Automatic;
				CURRENT_PROJECT_VERSION = 1;
				GENERATE_INFOPLIST_FILE = YES;
				IPHONEOS_DEPLOYMENT_TARGET = 15.4;
				MARKETING_VERSION = 1.0;
				PRODUCT_BUNDLE_IDENTIFIER = jianli.com.collectTableViewTests;
				PRODUCT_NAME = "$(TARGET_NAME)";
				SWIFT_EMIT_LOC_STRINGS = NO;
				SWIFT_VERSION = 5.0;
				TARGETED_DEVICE_FAMILY = "1,2";
				TEST_HOST = "$(BUILT_PRODUCTS_DIR)/collectTableView.app/collectTableView";
			};
			name = Debug;
		};
		0276ADF927F3BC39006CB6D6 /* Release */ = {
			isa = XCBuildConfiguration;
			buildSettings = {
				ALWAYS_EMBED_SWIFT_STANDARD_LIBRARIES = YES;
				BUNDLE_LOADER = "$(TEST_HOST)";
				CODE_SIGN_STYLE = Automatic;
				CURRENT_PROJECT_VERSION = 1;
				GENERATE_INFOPLIST_FILE = YES;
				IPHONEOS_DEPLOYMENT_TARGET = 15.4;
				MARKETING_VERSION = 1.0;
				PRODUCT_BUNDLE_IDENTIFIER = jianli.com.collectTableViewTests;
				PRODUCT_NAME = "$(TARGET_NAME)";
				SWIFT_EMIT_LOC_STRINGS = NO;
				SWIFT_VERSION = 5.0;
				TARGETED_DEVICE_FAMILY = "1,2";
				TEST_HOST = "$(BUILT_PRODUCTS_DIR)/collectTableView.app/collectTableView";
			};
			name = Release;
		};
		0276ADFB27F3BC39006CB6D6 /* Debug */ = {
			isa = XCBuildConfiguration;
			buildSettings = {
				ALWAYS_EMBED_SWIFT_STANDARD_LIBRARIES = YES;
				CODE_SIGN_STYLE = Automatic;
				CURRENT_PROJECT_VERSION = 1;
				GENERATE_INFOPLIST_FILE = YES;
				MARKETING_VERSION = 1.0;
				PRODUCT_BUNDLE_IDENTIFIER = jianli.com.collectTableViewUITests;
				PRODUCT_NAME = "$(TARGET_NAME)";
				SWIFT_EMIT_LOC_STRINGS = NO;
				SWIFT_VERSION = 5.0;
				TARGETED_DEVICE_FAMILY = "1,2";
				TEST_TARGET_NAME = collectTableView;
			};
			name = Debug;
		};
		0276ADFC27F3BC39006CB6D6 /* Release */ = {
			isa = XCBuildConfiguration;
			buildSettings = {
				ALWAYS_EMBED_SWIFT_STANDARD_LIBRARIES = YES;
				CODE_SIGN_STYLE = Automatic;
				CURRENT_PROJECT_VERSION = 1;
				GENERATE_INFOPLIST_FILE = YES;
				MARKETING_VERSION = 1.0;
				PRODUCT_BUNDLE_IDENTIFIER = jianli.com.collectTableViewUITests;
				PRODUCT_NAME = "$(TARGET_NAME)";
				SWIFT_EMIT_LOC_STRINGS = NO;
				SWIFT_VERSION = 5.0;
				TARGETED_DEVICE_FAMILY = "1,2";
				TEST_TARGET_NAME = collectTableView;
			};
			name = Release;
		};
/* End XCBuildConfiguration section */

/* Begin XCConfigurationList section */
		0276ADC527F3BC36006CB6D6 /* Build configuration list for PBXProject "collectTableView" */ = {
			isa = XCConfigurationList;
			buildConfigurations = (
				0276ADF227F3BC39006CB6D6 /* Debug */,
				0276ADF327F3BC39006CB6D6 /* Release */,
			);
			defaultConfigurationIsVisible = 0;
			defaultConfigurationName = Release;
		};
		0276ADF427F3BC39006CB6D6 /* Build configuration list for PBXNativeTarget "collectTableView" */ = {
			isa = XCConfigurationList;
			buildConfigurations = (
				0276ADF527F3BC39006CB6D6 /* Debug */,
				0276ADF627F3BC39006CB6D6 /* Release */,
			);
			defaultConfigurationIsVisible = 0;
			defaultConfigurationName = Release;
		};
		0276ADF727F3BC39006CB6D6 /* Build configuration list for PBXNativeTarget "collectTableViewTests" */ = {
			isa = XCConfigurationList;
			buildConfigurations = (
				0276ADF827F3BC39006CB6D6 /* Debug */,
				0276ADF927F3BC39006CB6D6 /* Release */,
			);
			defaultConfigurationIsVisible = 0;
			defaultConfigurationName = Release;
		};
		0276ADFA27F3BC39006CB6D6 /* Build configuration list for PBXNativeTarget "collectTableViewUITests" */ = {
			isa = XCConfigurationList;
			buildConfigurations = (
				0276ADFB27F3BC39006CB6D6 /* Debug */,
				0276ADFC27F3BC39006CB6D6 /* Release */,
			);
			defaultConfigurationIsVisible = 0;
			defaultConfigurationName = Release;
		};
/* End XCConfigurationList section */
	};
	rootObject = 0276ADC227F3BC36006CB6D6 /* Project object */;
}
